
Microsoft Visual Studio Solution File, Format Version 12.00
# Visual Studio Version 17
VisualStudioVersion = 17.5.002.0
MinimumVisualStudioVersion = 10.0.40219.1
Project("{9A19103F-16F7-4668-BE54-9A1E7A4F7556}") = "LibararyApp", "LibararyApp.csproj", "{C2C64811-150D-4A02-94CE-D90C53BE5D30}"
EndProject
Global
	GlobalSection(SolutionConfigurationPlatforms) = preSolution
		Debug|Any CPU = Debug|Any CPU
		Release|Any CPU = Release|Any CPU
	EndGlobalSection
	GlobalSection(ProjectConfigurationPlatforms) = postSolution
		{C2C64811-150D-4A02-94CE-D90C53BE5D30}.Debug|Any CPU.ActiveCfg = Debug|Any CPU
		{C2C64811-150D-4A02-94CE-D90C53BE5D30}.Debug|Any CPU.Build.0 = Debug|Any CPU
		{C2C64811-150D-4A02-94CE-D90C53BE5D30}.Release|Any CPU.ActiveCfg = Release|Any CPU
		{C2C64811-150D-4A02-94CE-D90C53BE5D30}.Release|Any CPU.Build.0 = Release|Any CPU
	EndGlobalSection
	GlobalSection(SolutionProperties) = preSolution
		HideSolutionNode = FALSE
	EndGlobalSection
	GlobalSection(ExtensibilityGlobals) = postSolution
		SolutionGuid = {0CE92030-9FDF-483F-99CF-E4909951D153}
	EndGlobalSection
EndGlobal
